<Solution>
  <Folder Name="/client/">
    <Project Path="client/AlphaDesktop/AlphaDesktop.csproj" />
  </Folder>
  <Folder Name="/engine/">
    <Project Path="engine/LegacyEngine/LegacyEngine.csproj" />
  </Folder>
  <Folder Name="/tests/">
    <Project Path="tests/LegacyEngine.Tests/LegacyEngine.Tests.csproj" />
  </Folder>
  <Folder Name="/tools/">
    <Project Path="tools/AlphaConsole/AlphaConsole.csproj" />
  </Folder>
</Solution>
